// !$*UTF8*$!
{
	archiveVersion = 1;
	classes = {
	};
	objectVersion = 50;
	objects = {

/* Begin PBXBuildFile section */
		D9C178912100773200588A79 /* AppDelegate.swift in Sources */ = {isa = PBXBuildFile; fileRef = D9C178902100773200588A79 /* AppDelegate.swift */; };
		D9C178932100773200588A79 /* ViewController.swift in Sources */ = {isa = PBXBuildFile; fileRef = D9C178922100773200588A79 /* ViewController.swift */; };
		D9C178962100773200588A79 /* Main.storyboard in Resources */ = {isa = PBXBuildFile; fileRef = D9C178942100773200588A79 /* Main.storyboard */; };
		D9C178982100773600588A79 /* Assets.xcassets in Resources */ = {isa = PBXBuildFile; fileRef = D9C178972100773600588A79 /* Assets.xcassets */; };
		D9C1789B2100773600588A79 /* LaunchScreen.storyboard in Resources */ = {isa = PBXBuildFile; fileRef = D9C178992100773600588A79 /* LaunchScreen.storyboard */; };
		D9C178A62100773600588A79 /* RaromeTests.swift in Sources */ = {isa = PBXBuildFile; fileRef = D9C178A52100773600588A79 /* RaromeTests.swift */; };
		D9C178B12100773600588A79 /* RaromeUITests.swift in Sources */ = {isa = PBXBuildFile; fileRef = D9C178B02100773600588A79 /* RaromeUITests.swift */; };
/* End PBXBuildFile section */

/* Begin PBXContainerItemProxy section */
		D9C178A22100773600588A79 /* PBXContainerItemProxy */ = {
			isa = PBXContainerItemProxy;
			containerPortal = D9C178852100773200588A79 /* Project object */;
			proxyType = 1;
			remoteGlobalIDString = D9C1788C2100773200588A79;
			remoteInfo = Rarome;
		};
		D9C178AD2100773600588A79 /* PBXContainerItemProxy */ = {
			isa = PBXContainerItemProxy;
			containerPortal = D9C178852100773200588A79 /* Project object */;
			proxyType = 1;
			remoteGlobalIDString = D9C1788C2100773200588A79;
			remoteInfo = Rarome;
		};
/* End PBXContainerItemProxy section */

/* Begin PBXFileReference section */
		D9C1788D2100773200588A79 /* Rarome.app */ = {isa = PBXFileReference; explicitFileType = wrapper.application; includeInIndex = 0; path = Rarome.app; sourceTree = BUILT_PRODUCTS_DIR; };
		D9C178902100773200588A79 /* AppDelegate.swift */ = {isa = PBXFileReference; lastKnownFileType = sourcecode.swift; path = AppDelegate.swift; sourceTree = "<group>"; };
		D9C178922100773200588A79 /* ViewController.swift */ = {isa = PBXFileReference; lastKnownFileType = sourcecode.swift; path = ViewController.swift; sourceTree = "<group>"; };
		D9C178952100773200588A79 /* Base */ = {isa = PBXFileReference; lastKnownFileType = file.storyboard; name = Base; path = Base.lproj/Main.storyboard; sourceTree = "<group>"; };
		D9C178972100773600588A79 /* Assets.xcassets */ = {isa = PBXFileReference; lastKnownFileType = folder.assetcatalog; path = Assets.xcassets; sourceTree = "<group>"; };
		D9C1789A2100773600588A79 /* Base */ = {isa = PBXFileReference; lastKnownFileType = file.storyboard; name = Base; path = Base.lproj/LaunchScreen.storyboard; sourceTree = "<group>"; };
		D9C1789C2100773600588A79 /* Info.plist */ = {isa = PBXFileReference; lastKnownFileType = text.plist.xml; path = Info.plist; sourceTree = "<group>"; };
		D9C178A12100773600588A79 /* RaromeTests.xctest */ = {isa = PBXFileReference; explicitFileType = wrapper.cfbundle; includeInIndex = 0; path = RaromeTests.xctest; sourceTree = BUILT_PRODUCTS_DIR; };
		D9C178A52100773600588A79 /* RaromeTests.swift */ = {isa = PBXFileReference; lastKnownFileType = sourcecode.swift; path = RaromeTests.swift; sourceTree = "<group>"; };
		D9C178A72100773600588A79 /* Info.plist */ = {isa = PBXFileReference; lastKnownFileType = text.plist.xml; path = Info.plist; sourceTree = "<group>"; };
		D9C178AC2100773600588A79 /* RaromeUITests.xctest */ = {isa = PBXFileReference; explicitFileType = wrapper.cfbundle; includeInIndex = 0; path = RaromeUITests.xctest; sourceTree = BUILT_PRODUCTS_DIR; };
		D9C178B02100773600588A79 /* RaromeUITests.swift */ = {isa = PBXFileReference; lastKnownFileType = sourcecode.swift; path = RaromeUITests.swift; sourceTree = "<group>"; };
		D9C178B22100773600588A79 /* Info.plist */ = {isa = PBXFileReference; lastKnownFileType = text.plist.xml; path = Info.plist; sourceTree = "<group>"; };
/* End PBXFileReference section */

/* Begin PBXFrameworksBuildPhase section */
		D9C1788A2100773200588A79 /* Frameworks */ = {
			isa = PBXFrameworksBuildPhase;
			buildActionMask = 2147483647;
			files = (
			);
			runOnlyForDeploymentPostprocessing = 0;
		};
		D9C1789E2100773600588A79 /* Frameworks */ = {
			isa = PBXFrameworksBuildPhase;
			buildActionMask = 2147483647;
			files = (
			);
			runOnlyForDeploymentPostprocessing = 0;
		};
		D9C178A92100773600588A79 /* Frameworks */ = {
			isa = PBXFrameworksBuildPhase;
			buildActionMask = 2147483647;
			files = (
			);
			runOnlyForDeploymentPostprocessing = 0;
		};
/* End PBXFrameworksBuildPhase section */

/* Begin PBXGroup section */
		D9C178842100773200588A79 = {
			isa = PBXGroup;
			children = (
				D9C1788F2100773200588A79 /* Rarome */,
				D9C178A42100773600588A79 /* RaromeTests */,
				D9C178AF2100773600588A79 /* RaromeUITests */,
				D9C1788E2100773200588A79 /* Products */,
			);
			sourceTree = "<group>";
		};
		D9C1788E2100773200588A79 /* Products */ = {
			isa = PBXGroup;
			children = (
				D9C1788D2100773200588A79 /* Rarome.app */,
				D9C178A12100773600588A79 /* RaromeTests.xctest */,
				D9C178AC2100773600588A79 /* RaromeUITests.xctest */,
			);
			name = Products;
			sourceTree = "<group>";
		};
		D9C1788F2100773200588A79 /* Rarome */ = {
			isa = PBXGroup;
			children = (
				D9C178902100773200588A79 /* AppDelegate.swift */,
				D9C178922100773200588A79 /* ViewController.swift */,
				D9C178942100773200588A79 /* Main.storyboard */,
				D9C178972100773600588A79 /* Assets.xcassets */,
				D9C178992100773600588A79 /* LaunchScreen.storyboard */,
				D9C1789C2100773600588A79 /* Info.plist */,
			);
			path = Rarome;
			sourceTree = "<group>";
		};
		D9C178A42100773600588A79 /* RaromeTests */ = {
			isa = PBXGroup;
			children = (
				D9C178A52100773600588A79 /* RaromeTests.swift */,
				D9C178A72100773600588A79 /* Info.plist */,
			);
			path = RaromeTests;
			sourceTree = "<group>";
		};
		D9C178AF2100773600588A79 /* RaromeUITests */ = {
			isa = PBXGroup;
			children = (
				D9C178B02100773600588A79 /* RaromeUITests.swift */,
				D9C178B22100773600588A79 /* Info.plist */,
			);
			path = RaromeUITests;
			sourceTree = "<group>";
		};
/* End PBXGroup section */

/* Begin PBXNativeTarget section */
		D9C1788C2100773200588A79 /* Rarome */ = {
			isa = PBXNativeTarget;
			buildConfigurationList = D9C178B52100773600588A79 /* Build configuration list for PBXNativeTarget "Rarome" */;
			buildPhases = (
				D9C178892100773200588A79 /* Sources */,
				D9C1788A2100773200588A79 /* Frameworks */,
				D9C1788B2100773200588A79 /* Resources */,
			);
			buildRules = (
			);
			dependencies = (
			);
			name = Rarome;
			productName = Rarome;
			productReference = D9C1788D2100773200588A79 /* Rarome.app */;
			productType = "com.apple.product-type.application";
		};
		D9C178A02100773600588A79 /* RaromeTests */ = {
			isa = PBXNativeTarget;
			buildConfigurationList = D9C178B82100773600588A79 /* Build configuration list for PBXNativeTarget "RaromeTests" */;
			buildPhases = (
				D9C1789D2100773600588A79 /* Sources */,
				D9C1789E2100773600588A79 /* Frameworks */,
				D9C1789F2100773600588A79 /* Resources */,
			);
			buildRules = (
			);
			dependencies = (
				D9C178A32100773600588A79 /* PBXTargetDependency */,
			);
			name = RaromeTests;
			productName = RaromeTests;
			productReference = D9C178A12100773600588A79 /* RaromeTests.xctest */;
			productType = "com.apple.product-type.bundle.unit-test";
		};
		D9C178AB2100773600588A79 /* RaromeUITests */ = {
			isa = PBXNativeTarget;
			buildConfigurationList = D9C178BB2100773600588A79 /* Build configuration list for PBXNativeTarget "RaromeUITests" */;
			buildPhases = (
				D9C178A82100773600588A79 /* Sources */,
				D9C178A92100773600588A79 /* Frameworks */,
				D9C178AA2100773600588A79 /* Resources */,
			);
			buildRules = (
			);
			dependencies = (
				D9C178AE2100773600588A79 /* PBXTargetDependency */,
			);
			name = RaromeUITests;
			productName = RaromeUITests;
			productReference = D9C178AC2100773600588A79 /* RaromeUITests.xctest */;
			productType = "com.apple.product-type.bundle.ui-testing";
		};
/* End PBXNativeTarget section */

/* Begin PBXProject section */
		D9C178852100773200588A79 /* Project object */ = {
			isa = PBXProject;
			attributes = {
				LastSwiftUpdateCheck = 0940;
				LastUpgradeCheck = 0940;
				ORGANIZATIONNAME = AntonDream;
				TargetAttributes = {
					D9C1788C2100773200588A79 = {
						CreatedOnToolsVersion = 9.4.1;
					};
					D9C178A02100773600588A79 = {
						CreatedOnToolsVersion = 9.4.1;
						TestTargetID = D9C1788C2100773200588A79;
					};
					D9C178AB2100773600588A79 = {
						CreatedOnToolsVersion = 9.4.1;
						TestTargetID = D9C1788C2100773200588A79;
					};
				};
			};
			buildConfigurationList = D9C178882100773200588A79 /* Build configuration list for PBXProject "Rarome" */;
			compatibilityVersion = "Xcode 9.3";
			developmentRegion = en;
			hasScannedForEncodings = 0;
			knownRegions = (
				en,
				Base,
			);
			mainGroup = D9C178842100773200588A79;
			productRefGroup = D9C1788E2100773200588A79 /* Products */;
			projectDirPath = "";
			projectRoot = "";
			targets = (
				D9C1788C2100773200588A79 /* Rarome */,
				D9C178A02100773600588A79 /* RaromeTests */,
				D9C178AB2100773600588A79 /* RaromeUITests */,
			);
		};
/* End PBXProject section */

/* Begin PBXResourcesBuildPhase section */
		D9C1788B2100773200588A79 /* Resources */ = {
			isa = PBXResourcesBuildPhase;
			buildActionMask = 2147483647;
			files = (
				D9C1789B2100773600588A79 /* LaunchScreen.storyboard in Resources */,
				D9C178982100773600588A79 /* Assets.xcassets in Resources */,
				D9C178962100773200588A79 /* Main.storyboard in Resources */,
			);
			runOnlyForDeploymentPostprocessing = 0;
		};
		D9C1789F2100773600588A79 /* Resources */ = {
			isa = PBXResourcesBuildPhase;
			buildActionMask = 2147483647;
			files = (
			);
			runOnlyForDeploymentPostprocessing = 0;
		};
		D9C178AA2100773600588A79 /* Resources */ = {
			isa = PBXResourcesBuildPhase;
			buildActionMask = 2147483647;
			files = (
			);
			runOnlyForDeploymentPostprocessing = 0;
		};
/* End PBXResourcesBuildPhase section */

/* Begin PBXSourcesBuildPhase section */
		D9C178892100773200588A79 /* Sources */ = {
			isa = PBXSourcesBuildPhase;
			buildActionMask = 2147483647;
			files = (
				D9C178932100773200588A79 /* ViewController.swift in Sources */,
				D9C178912100773200588A79 /* AppDelegate.swift in Sources */,
			);
			runOnlyForDeploymentPostprocessing = 0;
		};
		D9C1789D2100773600588A79 /* Sources */ = {
			isa = PBXSourcesBuildPhase;
			buildActionMask = 2147483647;
			files = (
				D9C178A62100773600588A79 /* RaromeTests.swift in Sources */,
			);
			runOnlyForDeploymentPostprocessing = 0;
		};
		D9C178A82100773600588A79 /* Sources */ = {
			isa = PBXSourcesBuildPhase;
			buildActionMask = 2147483647;
			files = (
				D9C178B12100773600588A79 /* RaromeUITests.swift in Sources */,
			);
			runOnlyForDeploymentPostprocessing = 0;
		};
/* End PBXSourcesBuildPhase section */

/* Begin PBXTargetDependency section */
		D9C178A32100773600588A79 /* PBXTargetDependency */ = {
			isa = PBXTargetDependency;
			target = D9C1788C2100773200588A79 /* Rarome */;
			targetProxy = D9C178A22100773600588A79 /* PBXContainerItemProxy */;
		};
		D9C178AE2100773600588A79 /* PBXTargetDependency */ = {
			isa = PBXTargetDependency;
			target = D9C1788C2100773200588A79 /* Rarome */;
			targetProxy = D9C178AD2100773600588A79 /* PBXContainerItemProxy */;
		};
/* End PBXTargetDependency section */

/* Begin PBXVariantGroup section */
		D9C178942100773200588A79 /* Main.storyboard */ = {
			isa = PBXVariantGroup;
			children = (
				D9C178952100773200588A79 /* Base */,
			);
			name = Main.storyboard;
			sourceTree = "<group>";
		};
		D9C178992100773600588A79 /* LaunchScreen.storyboard */ = {
			isa = PBXVariantGroup;
			children = (
				D9C1789A2100773600588A79 /* Base */,
			);
			name = LaunchScreen.storyboard;
			sourceTree = "<group>";
		};
/* End PBXVariantGroup section */

/* Begin XCBuildConfiguration section */
		D9C178B32100773600588A79 /* Debug */ = {
			isa = XCBuildConfiguration;
			buildSettings = {
				ALWAYS_SEARCH_USER_PATHS = NO;
				CLANG_ANALYZER_NONNULL = YES;
				CLANG_ANALYZER_NUMBER_OBJECT_CONVERSION = YES_AGGRESSIVE;
				CLANG_CXX_LANGUAGE_STANDARD = "gnu++14";
				CLANG_CXX_LIBRARY = "libc++";
				CLANG_ENABLE_MODULES = YES;
				CLANG_ENABLE_OBJC_ARC = YES;
				CLANG_ENABLE_OBJC_WEAK = YES;
				CLANG_WARN_BLOCK_CAPTURE_AUTORELEASING = YES;
				CLANG_WARN_BOOL_CONVERSION = YES;
				CLANG_WARN_COMMA = YES;
				CLANG_WARN_CONSTANT_CONVERSION = YES;
				CLANG_WARN_DEPRECATED_OBJC_IMPLEMENTATIONS = YES;
				CLANG_WARN_DIRECT_OBJC_ISA_USAGE = YES_ERROR;
				CLANG_WARN_DOCUMENTATION_COMMENTS = YES;
				CLANG_WARN_EMPTY_BODY = YES;
				CLANG_WARN_ENUM_CONVERSION = YES;
				CLANG_WARN_INFINITE_RECURSION = YES;
				CLANG_WARN_INT_CONVERSION = YES;
				CLANG_WARN_NON_LITERAL_NULL_CONVERSION = YES;
				CLANG_WARN_OBJC_IMPLICIT_RETAIN_SELF = YES;
				CLANG_WARN_OBJC_LITERAL_CONVERSION = YES;
				CLANG_WARN_OBJC_ROOT_CLASS = YES_ERROR;
				CLANG_WARN_RANGE_LOOP_ANALYSIS = YES;
				CLANG_WARN_STRICT_PROTOTYPES = YES;
				CLANG_WARN_SUSPICIOUS_MOVE = YES;
				CLANG_WARN_UNGUARDED_AVAILABILITY = YES_AGGRESSIVE;
				CLANG_WARN_UNREACHABLE_CODE = YES;
				CLANG_WARN__DUPLICATE_METHOD_MATCH = YES;
				CODE_SIGN_IDENTITY = "iPhone Developer";
				COPY_PHASE_STRIP = NO;
				DEBUG_INFORMATION_FORMAT = dwarf;
				ENABLE_STRICT_OBJC_MSGSEND = YES;
				ENABLE_TESTABILITY = YES;
				GCC_C_LANGUAGE_STANDARD = gnu11;
				GCC_DYNAMIC_NO_PIC = NO;
				GCC_NO_COMMON_BLOCKS = YES;
				GCC_OPTIMIZATION_LEVEL = 0;
				GCC_PREPROCESSOR_DEFINITIONS = (
					"DEBUG=1",
					"$(inherited)",
				);
				GCC_WARN_64_TO_32_BIT_CONVERSION = YES;
				GCC_WARN_ABOUT_RETURN_TYPE = YES_ERROR;
				GCC_WARN_UNDECLARED_SELECTOR = YES;
				GCC_WARN_UNINITIALIZED_AUTOS = YES_AGGRESSIVE;
				GCC_WARN_UNUSED_FUNCTION = YES;
				GCC_WARN_UNUSED_VARIABLE = YES;
				IPHONEOS_DEPLOYMENT_TARGET = 11.4;
				MTL_ENABLE_DEBUG_INFO = YES;
				ONLY_ACTIVE_ARCH = YES;
				SDKROOT = iphoneos;
				SWIFT_ACTIVE_COMPILATION_CONDITIONS = DEBUG;
				SWIFT_OPTIMIZATION_LEVEL = "-Onone";
			};
			name = Debug;
		};
		D9C178B42100773600588A79 /* Release */ = {
			isa = XCBuildConfiguration;
			buildSettings = {
				ALWAYS_SEARCH_USER_PATHS = NO;
				CLANG_ANALYZER_NONNULL = YES;
				CLANG_ANALYZER_NUMBER_OBJECT_CONVERSION = YES_AGGRESSIVE;
				CLANG_CXX_LANGUAGE_STANDARD = "gnu++14";
				CLANG_CXX_LIBRARY = "libc++";
				CLANG_ENABLE_MODULES = YES;
				CLANG_ENABLE_OBJC_ARC = YES;
				CLANG_ENABLE_OBJC_WEAK = YES;
				CLANG_WARN_BLOCK_CAPTURE_AUTORELEASING = YES;
				CLANG_WARN_BOOL_CONVERSION = YES;
				CLANG_WARN_COMMA = YES;
				CLANG_WARN_CONSTANT_CONVERSION = YES;
				CLANG_WARN_DEPRECATED_OBJC_IMPLEMENTATIONS = YES;
				CLANG_WARN_DIRECT_OBJC_ISA_USAGE = YES_ERROR;
				CLANG_WARN_DOCUMENTATION_COMMENTS = YES;
				CLANG_WARN_EMPTY_BODY = YES;
				CLANG_WARN_ENUM_CONVERSION = YES;
				CLANG_WARN_INFINITE_RECURSION = YES;
				CLANG_WARN_INT_CONVERSION = YES;
				CLANG_WARN_NON_LITERAL_NULL_CONVERSION = YES;
				CLANG_WARN_OBJC_IMPLICIT_RETAIN_SELF = YES;
				CLANG_WARN_OBJC_LITERAL_CONVERSION = YES;
				CLANG_WARN_OBJC_ROOT_CLASS = YES_ERROR;
				CLANG_WARN_RANGE_LOOP_ANALYSIS = YES;
				CLANG_WARN_STRICT_PROTOTYPES = YES;
				CLANG_WARN_SUSPICIOUS_MOVE = YES;
				CLANG_WARN_UNGUARDED_AVAILABILITY = YES_AGGRESSIVE;
				CLANG_WARN_UNREACHABLE_CODE = YES;
				CLANG_WARN__DUPLICATE_METHOD_MATCH = YES;
				CODE_SIGN_IDENTITY = "iPhone Developer";
				COPY_PHASE_STRIP = NO;
				DEBUG_INFORMATION_FORMAT = "dwarf-with-dsym";
				ENABLE_NS_ASSERTIONS = NO;
				ENABLE_STRICT_OBJC_MSGSEND = YES;
				GCC_C_LANGUAGE_STANDARD = gnu11;
				GCC_NO_COMMON_BLOCKS = YES;
				GCC_WARN_64_TO_32_BIT_CONVERSION = YES;
				GCC_WARN_ABOUT_RETURN_TYPE = YES_ERROR;
				GCC_WARN_UNDECLARED_SELECTOR = YES;
				GCC_WARN_UNINITIALIZED_AUTOS = YES_AGGRESSIVE;
				GCC_WARN_UNUSED_FUNCTION = YES;
				GCC_WARN_UNUSED_VARIABLE = YES;
				IPHONEOS_DEPLOYMENT_TARGET = 11.4;
				MTL_ENABLE_DEBUG_INFO = NO;
				SDKROOT = iphoneos;
				SWIFT_COMPILATION_MODE = wholemodule;
				SWIFT_OPTIMIZATION_LEVEL = "-O";
				VALIDATE_PRODUCT = YES;
			};
			name = Release;
		};
		D9C178B62100773600588A79 /* Debug */ = {
			isa = XCBuildConfiguration;
			buildSettings = {
				ASSETCATALOG_COMPILER_APPICON_NAME = AppIcon;
				CODE_SIGN_STYLE = Automatic;
				INFOPLIST_FILE = Rarome/Info.plist;
				LD_RUNPATH_SEARCH_PATHS = (
					"$(inherited)",
					"@executable_path/Frameworks",
				);
				PRODUCT_BUNDLE_IDENTIFIER = com.Demo.Rarome;
				PRODUCT_NAME = "$(TARGET_NAME)";
				SWIFT_VERSION = 4.0;
				TARGETED_DEVICE_FAMILY = "1,2";
			};
			name = Debug;
		};
		D9C178B72100773600588A79 /* Release */ = {
			isa = XCBuildConfiguration;
			buildSettings = {
				ASSETCATALOG_COMPILER_APPICON_NAME = AppIcon;
				CODE_SIGN_STYLE = Automatic;
				INFOPLIST_FILE = Rarome/Info.plist;
				LD_RUNPATH_SEARCH_PATHS = (
					"$(inherited)",
					"@executable_path/Frameworks",
				);
				PRODUCT_BUNDLE_IDENTIFIER = com.Demo.Rarome;
				PRODUCT_NAME = "$(TARGET_NAME)";
				SWIFT_VERSION = 4.0;
				TARGETED_DEVICE_FAMILY = "1,2";
			};
			name = Release;
		};
		D9C178B92100773600588A79 /* Debug */ = {
			isa = XCBuildConfiguration;
			buildSettings = {
				ALWAYS_EMBED_SWIFT_STANDARD_LIBRARIES = YES;
				BUNDLE_LOADER = "$(TEST_HOST)";
				CODE_SIGN_STYLE = Automatic;
				INFOPLIST_FILE = RaromeTests/Info.plist;
				LD_RUNPATH_SEARCH_PATHS = (
					"$(inherited)",
					"@executable_path/Frameworks",
					"@loader_path/Frameworks",
				);
				PRODUCT_BUNDLE_IDENTIFIER = com.Demo.RaromeTests;
				PRODUCT_NAME = "$(TARGET_NAME)";
				SWIFT_VERSION = 4.0;
				TARGETED_DEVICE_FAMILY = "1,2";
				TEST_HOST = "$(BUILT_PRODUCTS_DIR)/Rarome.app/Rarome";
			};
			name = Debug;
		};
		D9C178BA2100773600588A79 /* Release */ = {
			isa = XCBuildConfiguration;
			buildSettings = {
				ALWAYS_EMBED_SWIFT_STANDARD_LIBRARIES = YES;
				BUNDLE_LOADER = "$(TEST_HOST)";
				CODE_SIGN_STYLE = Automatic;
				INFOPLIST_FILE = RaromeTests/Info.plist;
				LD_RUNPATH_SEARCH_PATHS = (
					"$(inherited)",
					"@executable_path/Frameworks",
					"@loader_path/Frameworks",
				);
				PRODUCT_BUNDLE_IDENTIFIER = com.Demo.RaromeTests;
				PRODUCT_NAME = "$(TARGET_NAME)";
				SWIFT_VERSION = 4.0;
				TARGETED_DEVICE_FAMILY = "1,2";
				TEST_HOST = "$(BUILT_PRODUCTS_DIR)/Rarome.app/Rarome";
			};
			name = Release;
		};
		D9C178BC2100773600588A79 /* Debug */ = {
			isa = XCBuildConfiguration;
			buildSettings = {
				ALWAYS_EMBED_SWIFT_STANDARD_LIBRARIES = YES;
				CODE_SIGN_STYLE = Automatic;
				INFOPLIST_FILE = RaromeUITests/Info.plist;
				LD_RUNPATH_SEARCH_PATHS = (
					"$(inherited)",
					"@executable_path/Frameworks",
					"@loader_path/Frameworks",
				);
				PRODUCT_BUNDLE_IDENTIFIER = com.Demo.RaromeUITests;
				PRODUCT_NAME = "$(TARGET_NAME)";
				SWIFT_VERSION = 4.0;
				TARGETED_DEVICE_FAMILY = "1,2";
				TEST_TARGET_NAME = Rarome;
			};
			name = Debug;
		};
		D9C178BD2100773600588A79 /* Release */ = {
			isa = XCBuildConfiguration;
			buildSettings = {
				ALWAYS_EMBED_SWIFT_STANDARD_LIBRARIES = YES;
				CODE_SIGN_STYLE = Automatic;
				INFOPLIST_FILE = RaromeUITests/Info.plist;
				LD_RUNPATH_SEARCH_PATHS = (
					"$(inherited)",
					"@executable_path/Frameworks",
					"@loader_path/Frameworks",
				);
				PRODUCT_BUNDLE_IDENTIFIER = com.Demo.RaromeUITests;
				PRODUCT_NAME = "$(TARGET_NAME)";
				SWIFT_VERSION = 4.0;
				TARGETED_DEVICE_FAMILY = "1,2";
				TEST_TARGET_NAME = Rarome;
			};
			name = Release;
		};
/* End XCBuildConfiguration section */

/* Begin XCConfigurationList section */
		D9C178882100773200588A79 /* Build configuration list for PBXProject "Rarome" */ = {
			isa = XCConfigurationList;
			buildConfigurations = (
				D9C178B32100773600588A79 /* Debug */,
				D9C178B42100773600588A79 /* Release */,
			);
			defaultConfigurationIsVisible = 0;
			defaultConfigurationName = Release;
		};
		D9C178B52100773600588A79 /* Build configuration list for PBXNativeTarget "Rarome" */ = {
			isa = XCConfigurationList;
			buildConfigurations = (
				D9C178B62100773600588A79 /* Debug */,
				D9C178B72100773600588A79 /* Release */,
			);
			defaultConfigurationIsVisible = 0;
			defaultConfigurationName = Release;
		};
		D9C178B82100773600588A79 /* Build configuration list for PBXNativeTarget "RaromeTests" */ = {
			isa = XCConfigurationList;
			buildConfigurations = (
				D9C178B92100773600588A79 /* Debug */,
				D9C178BA2100773600588A79 /* Release */,
			);
			defaultConfigurationIsVisible = 0;
			defaultConfigurationName = Release;
		};
		D9C178BB2100773600588A79 /* Build configuration list for PBXNativeTarget "RaromeUITests" */ = {
			isa = XCConfigurationList;
			buildConfigurations = (
				D9C178BC2100773600588A79 /* Debug */,
				D9C178BD2100773600588A79 /* Release */,
			);
			defaultConfigurationIsVisible = 0;
			defaultConfigurationName = Release;
		};
/* End XCConfigurationList section */
	};
	rootObject = D9C178852100773200588A79 /* Project object */;
}
